
Microsoft Visual Studio Solution File, Format Version 12.00
# Visual Studio Version 16
VisualStudioVersion = 16.0.30225.117
MinimumVisualStudioVersion = 10.0.40219.1
Project("{FAE04EC0-301F-11D3-BF4B-00C04F79EFBC}") = "PROGCP96_V1.1_", "PROGCP96_V1.1_.csproj", "{C005C459-5404-46FC-977B-340C4FF5EABE}"
EndProject
Global
	GlobalSection(SolutionConfigurationPlatforms) = preSolution
		Debug|Any CPU = Debug|Any CPU
		Release|Any CPU = Release|Any CPU
	EndGlobalSection
	GlobalSection(ProjectConfigurationPlatforms) = postSolution
		{C005C459-5404-46FC-977B-340C4FF5EABE}.Debug|Any CPU.ActiveCfg = Debug|Any CPU
		{C005C459-5404-46FC-977B-340C4FF5EABE}.Debug|Any CPU.Build.0 = Debug|Any CPU
		{C005C459-5404-46FC-977B-340C4FF5EABE}.Release|Any CPU.ActiveCfg = Release|Any CPU
		{C005C459-5404-46FC-977B-340C4FF5EABE}.Release|Any CPU.Build.0 = Release|Any CPU
	EndGlobalSection
	GlobalSection(SolutionProperties) = preSolution
		HideSolutionNode = FALSE
	EndGlobalSection
	GlobalSection(ExtensibilityGlobals) = postSolution
		SolutionGuid = {5C85CBCC-A6A2-49EF-9870-B7EEDA05CAA0}
	EndGlobalSection
EndGlobal
